
Microsoft Visual Studio Solution File, Format Version 12.00
# Visual Studio 14
VisualStudioVersion = 14.0.25420.1
MinimumVisualStudioVersion = 10.0.40219.1
Project("{FAE04EC0-301F-11D3-BF4B-00C04F79EFBC}") = "The Chat of Cuthulhu (users).web", "The Chat of Cuthulhu (users).web\The Chat of Cuthulhu (users).web.csproj", "{41D80270-F7EE-4A95-8015-7C09D207B109}"
EndProject
Project("{FAE04EC0-301F-11D3-BF4B-00C04F79EFBC}") = "Chat.WebAdmin", "Chat.WebAdmin\Chat.WebAdmin.csproj", "{F69D5E45-BBBA-442B-8754-C4410A82E142}"
EndProject
Project("{FAE04EC0-301F-11D3-BF4B-00C04F79EFBC}") = "The chat .win", "The chat .win\The chat .win.csproj", "{BE875B15-F64C-4740-87DB-8F0F3992CB85}"
EndProject
Global
	GlobalSection(SolutionConfigurationPlatforms) = preSolution
		Debug|Any CPU = Debug|Any CPU
		Release|Any CPU = Release|Any CPU
	EndGlobalSection
	GlobalSection(ProjectConfigurationPlatforms) = postSolution
		{41D80270-F7EE-4A95-8015-7C09D207B109}.Debug|Any CPU.ActiveCfg = Debug|Any CPU
		{41D80270-F7EE-4A95-8015-7C09D207B109}.Debug|Any CPU.Build.0 = Debug|Any CPU
		{41D80270-F7EE-4A95-8015-7C09D207B109}.Release|Any CPU.ActiveCfg = Release|Any CPU
		{41D80270-F7EE-4A95-8015-7C09D207B109}.Release|Any CPU.Build.0 = Release|Any CPU
		{F69D5E45-BBBA-442B-8754-C4410A82E142}.Debug|Any CPU.ActiveCfg = Debug|Any CPU
		{F69D5E45-BBBA-442B-8754-C4410A82E142}.Debug|Any CPU.Build.0 = Debug|Any CPU
		{F69D5E45-BBBA-442B-8754-C4410A82E142}.Release|Any CPU.ActiveCfg = Release|Any CPU
		{F69D5E45-BBBA-442B-8754-C4410A82E142}.Release|Any CPU.Build.0 = Release|Any CPU
		{BE875B15-F64C-4740-87DB-8F0F3992CB85}.Debug|Any CPU.ActiveCfg = Debug|Any CPU
		{BE875B15-F64C-4740-87DB-8F0F3992CB85}.Debug|Any CPU.Build.0 = Debug|Any CPU
		{BE875B15-F64C-4740-87DB-8F0F3992CB85}.Release|Any CPU.ActiveCfg = Release|Any CPU
		{BE875B15-F64C-4740-87DB-8F0F3992CB85}.Release|Any CPU.Build.0 = Release|Any CPU
	EndGlobalSection
	GlobalSection(SolutionProperties) = preSolution
		HideSolutionNode = FALSE
	EndGlobalSection
EndGlobal
